
Microsoft Visual Studio Solution File, Format Version 12.00
# Visual Studio Version 16
VisualStudioVersion = 16.0.29920.165
MinimumVisualStudioVersion = 10.0.40219.1
Project("{FAE04EC0-301F-11D3-BF4B-00C04F79EFBC}") = "Quiz Program", "Quiz Program\Quiz Program.csproj", "{8E763028-F02A-46D6-8465-7F5AA9459F68}"
EndProject
Global
	GlobalSection(SolutionConfigurationPlatforms) = preSolution
		Debug|Any CPU = Debug|Any CPU
		Release|Any CPU = Release|Any CPU
	EndGlobalSection
	GlobalSection(ProjectConfigurationPlatforms) = postSolution
		{8E763028-F02A-46D6-8465-7F5AA9459F68}.Debug|Any CPU.ActiveCfg = Debug|Any CPU
		{8E763028-F02A-46D6-8465-7F5AA9459F68}.Debug|Any CPU.Build.0 = Debug|Any CPU
		{8E763028-F02A-46D6-8465-7F5AA9459F68}.Release|Any CPU.ActiveCfg = Release|Any CPU
		{8E763028-F02A-46D6-8465-7F5AA9459F68}.Release|Any CPU.Build.0 = Release|Any CPU
	EndGlobalSection
	GlobalSection(SolutionProperties) = preSolution
		HideSolutionNode = FALSE
	EndGlobalSection
	GlobalSection(ExtensibilityGlobals) = postSolution
		SolutionGuid = {BB1FDEB5-10C2-450D-B716-8477F898DCF9}
	EndGlobalSection
EndGlobal
